
Microsoft Visual Studio Solution File, Format Version 12.00
# Visual Studio 15
VisualStudioVersion = 15.0.27703.2035
MinimumVisualStudioVersion = 10.0.40219.1
Project("{FAE04EC0-301F-11D3-BF4B-00C04F79EFBC}") = "MazeSolver", "MazeSolver\MazeSolver.csproj", "{20E94AAE-5008-4039-99A0-93F6A1565422}"
EndProject
Global
	GlobalSection(SolutionConfigurationPlatforms) = preSolution
		Debug|Any CPU = Debug|Any CPU
		Release|Any CPU = Release|Any CPU
	EndGlobalSection
	GlobalSection(ProjectConfigurationPlatforms) = postSolution
		{20E94AAE-5008-4039-99A0-93F6A1565422}.Debug|Any CPU.ActiveCfg = Debug|Any CPU
		{20E94AAE-5008-4039-99A0-93F6A1565422}.Debug|Any CPU.Build.0 = Debug|Any CPU
		{20E94AAE-5008-4039-99A0-93F6A1565422}.Release|Any CPU.ActiveCfg = Release|Any CPU
		{20E94AAE-5008-4039-99A0-93F6A1565422}.Release|Any CPU.Build.0 = Release|Any CPU
	EndGlobalSection
	GlobalSection(SolutionProperties) = preSolution
		HideSolutionNode = FALSE
	EndGlobalSection
	GlobalSection(ExtensibilityGlobals) = postSolution
		SolutionGuid = {33EF355F-1ADE-49DA-82B2-0B16AD7010A0}
	EndGlobalSection
EndGlobal
